
Microsoft Visual Studio Solution File, Format Version 12.00
# Visual Studio Version 16
VisualStudioVersion = 16.0.29519.181
MinimumVisualStudioVersion = 10.0.40219.1
Project("{FAE04EC0-301F-11D3-BF4B-00C04F79EFBC}") = "palabra_mas_larga", "palabra_mas_larga\palabra_mas_larga.csproj", "{33D20550-1CDA-4EF8-B4B7-9569E2E8DA2D}"
EndProject
Global
	GlobalSection(SolutionConfigurationPlatforms) = preSolution
		Debug|Any CPU = Debug|Any CPU
		Release|Any CPU = Release|Any CPU
	EndGlobalSection
	GlobalSection(ProjectConfigurationPlatforms) = postSolution
		{33D20550-1CDA-4EF8-B4B7-9569E2E8DA2D}.Debug|Any CPU.ActiveCfg = Debug|Any CPU
		{33D20550-1CDA-4EF8-B4B7-9569E2E8DA2D}.Debug|Any CPU.Build.0 = Debug|Any CPU
		{33D20550-1CDA-4EF8-B4B7-9569E2E8DA2D}.Release|Any CPU.ActiveCfg = Release|Any CPU
		{33D20550-1CDA-4EF8-B4B7-9569E2E8DA2D}.Release|Any CPU.Build.0 = Release|Any CPU
	EndGlobalSection
	GlobalSection(SolutionProperties) = preSolution
		HideSolutionNode = FALSE
	EndGlobalSection
	GlobalSection(ExtensibilityGlobals) = postSolution
		SolutionGuid = {AB57F2FF-4247-4243-A699-26F4EA10D8CE}
	EndGlobalSection
EndGlobal
